
Microsoft Visual Studio Solution File, Format Version 12.00
# Visual Studio 14
VisualStudioVersion = 14.0.25420.1
MinimumVisualStudioVersion = 10.0.40219.1
Project("{2150E333-8FDC-42A3-9474-1A3956D46DE8}") = "Services", "Services", "{510B85EE-A5EA-4C17-962B-A261F9582654}"
EndProject
Project("{2150E333-8FDC-42A3-9474-1A3956D46DE8}") = "Components", "Components", "{CBCC80FA-4735-45A5-A6B9-5B690D4A4878}"
EndProject
Project("{2150E333-8FDC-42A3-9474-1A3956D46DE8}") = "Host", "Host", "{78A20E8F-2CAB-452A-9102-8537B8E44E7A}"
EndProject
Project("{2150E333-8FDC-42A3-9474-1A3956D46DE8}") = "Test Suite", "Test Suite", "{28C21C74-C77E-4018-934D-EE2F01AE7F93}"
EndProject
Project("{2150E333-8FDC-42A3-9474-1A3956D46DE8}") = ".nuget", ".nuget", "{CF03DDFB-A47B-4F44-A0F7-818EA14A4142}"
	ProjectSection(SolutionItems) = preProject
		.nuget\NuGet.Config = .nuget\NuGet.Config
		.nuget\NuGet.exe = .nuget\NuGet.exe
		.nuget\NuGet.targets = .nuget\NuGet.targets
	EndProjectSection
EndProject
Project("{2150E333-8FDC-42A3-9474-1A3956D46DE8}") = "Database", "Database", "{E878DB33-5130-44E4-A934-5D70EECCB7EE}"
EndProject
Project("{2150E333-8FDC-42A3-9474-1A3956D46DE8}") = "Tools", "Tools", "{A922DBEC-C4C6-453A-A108-B95E4B86E4B3}"
EndProject
Project("{CC5FD16D-436D-48AD-A40C-5A424C6E3E79}") = "SOS.AzurePortalHost", "Hosts\SOS.AzureHost\SOS.AzurePortalHost.ccproj", "{BD3DF15C-FCB7-4AC6-9FE2-F3EC43598BF2}"
EndProject
Project("{FAE04EC0-301F-11D3-BF4B-00C04F79EFBC}") = "SOS.RESTService", "Services\SOS.Service.WcfRest\SOS.RESTService.csproj", "{CF561FF9-0246-4223-8BA9-FCC69178EF80}"
EndProject
Project("{FAE04EC0-301F-11D3-BF4B-00C04F79EFBC}") = "SOS.Web", "Portal\SOS.Web.csproj", "{C6F8CC4B-6DFA-42D6-BC0D-33BAFA8F04A9}"
EndProject
Project("{FAE04EC0-301F-11D3-BF4B-00C04F79EFBC}") = "SOS.Service.Interfaces", "Services\SOS.Service.Interfaces\SOS.Service.Interfaces.csproj", "{6B0D9B6C-DF95-46AC-A4CB-E4C3CD604130}"
EndProject
Project("{CC5FD16D-436D-48AD-A40C-5A424C6E3E79}") = "SOS.AzureServiceHost", "Hosts\SOS.AzureServiceHost\SOS.AzureServiceHost.ccproj", "{3328D195-C48D-40FF-BCDB-195AB921F205}"
EndProject
Project("{CC5FD16D-436D-48AD-A40C-5A424C6E3E79}") = "SOS.AzureWorkerRoleHost", "Hosts\SOS.AzureWorkerRoleHost\SOS.AzureWorkerRoleHost.ccproj", "{9B5BB408-6720-4430-A45F-B4384CFBC95E}"
EndProject
Project("{FAE04EC0-301F-11D3-BF4B-00C04F79EFBC}") = "SOS.AzureStorageAccessLayer", "Components\SOS.AzureStorageAccessLayer\SOS.AzureStorageAccessLayer.csproj", "{0C6CF446-8311-4449-B84E-5436836BA0C8}"
EndProject
Project("{FAE04EC0-301F-11D3-BF4B-00C04F79EFBC}") = "SOS.Service.Implementation", "Services\SOS.Service.Implementation\SOS.Service.Implementation.csproj", "{CE8D1AF2-5F9E-4B43-BD01-AB1240EC7105}"
EndProject
Project("{FAE04EC0-301F-11D3-BF4B-00C04F79EFBC}") = "SOS.Service.UnitTests", "TestSuite\SOS.Service.Implementation.Tests\SOS.Service.UnitTests.csproj", "{2C0136A5-87E5-4E12-B60B-635B5A8CAEAD}"
EndProject
Project("{FAE04EC0-301F-11D3-BF4B-00C04F79EFBC}") = "SOS.Test.WorkRoleClient", "TestSuite\SOS.Test.WorkRoleClient\SOS.Test.WorkRoleClient.csproj", "{5EA5AAD9-E39C-4EAF-83F8-D34B91D5DE36}"
EndProject
Project("{FAE04EC0-301F-11D3-BF4B-00C04F79EFBC}") = "SOS.Service.Utility", "Services\SOS.Service.Utility\SOS.Service.Utility.csproj", "{90CBC4B1-C146-40EB-878A-291E4BBD7533}"
EndProject
Project("{FAE04EC0-301F-11D3-BF4B-00C04F79EFBC}") = "SOS.Test.ServiceClient", "TestSuite\SOS.Test.ServiceClient\SOS.Test.ServiceClient.csproj", "{E9E42BBB-726B-47A5-B259-93956FE74F62}"
EndProject
Project("{FAE04EC0-301F-11D3-BF4B-00C04F79EFBC}") = "SOS.Worker.Broadcaster", "Broadcaster\SOS.Worker.Broadcaster.csproj", "{A5C0BEAA-F3FE-4FC9-A48D-993587440C49}"
EndProject
Project("{FAE04EC0-301F-11D3-BF4B-00C04F79EFBC}") = "SOS.Service.Security", "Services\SOS.Service.Security\SOS.Service.Security.csproj", "{6DBAB4C9-DBAF-4A64-86FB-7EF15698AC0C}"
EndProject
Project("{FAE04EC0-301F-11D3-BF4B-00C04F79EFBC}") = "SOS.Exceptions", "Components\SOS.Exceptions\SOS.Exceptions.csproj", "{0D468A7F-1F41-43FB-951F-8095CCD0675A}"
EndProject
Project("{FAE04EC0-301F-11D3-BF4B-00C04F79EFBC}") = "SOS.Phone", "Phone\WP8.0\SOS.Phone.csproj", "{7F31262D-7B6F-4E9C-BD58-CB3BCE47C4B3}"
EndProject
Project("{FAE04EC0-301F-11D3-BF4B-00C04F79EFBC}") = "SOS.LoadTests", "TestSuite\SOS.LoadTests\SOS.LoadTests.csproj", "{4A611583-052C-4199-94CA-11D34B3714B7}"
EndProject
Project("{FAE04EC0-301F-11D3-BF4B-00C04F79EFBC}") = "SOS.AzureStorageAccessLayer.UnitTests", "Components\SOS.AzureStorageAccessLayer.UnitTests\SOS.AzureStorageAccessLayer.UnitTests.csproj", "{F9E5C8CF-ED44-4258-81DF-05BFA6231D5A}"
EndProject
Project("{FAE04EC0-301F-11D3-BF4B-00C04F79EFBC}") = "SOS.ConfigManager", "Components\SOS.ConfigManager\SOS.ConfigManager.csproj", "{91DA0955-DCF5-476B-AF6A-050E3CA1C998}"
EndProject
Project("{FAE04EC0-301F-11D3-BF4B-00C04F79EFBC}") = "SOS.AzureSQLAccessLayer", "Components\SOS.AzureSQLAccessLayer\SOS.AzureSQLAccessLayer.csproj", "{E91699D0-8064-46F6-A368-16D3B0449F00}"
EndProject
Project("{FAE04EC0-301F-11D3-BF4B-00C04F79EFBC}") = "SOS.Model", "Components\SOS.Model\SOS.Model.csproj", "{9935795F-AD2A-4205-874A-012515E4A2FF}"
EndProject
Project("{FAE04EC0-301F-11D3-BF4B-00C04F79EFBC}") = "SOS.AzureSQLAccessLayer.UnitTests", "Components\SOS.AzureSQLAccessLayer.UnitTests\SOS.AzureSQLAccessLayer.UnitTests.csproj", "{0C6DB990-9E15-4A4F-8818-CBBF36C90978}"
EndProject
Project("{FAE04EC0-301F-11D3-BF4B-00C04F79EFBC}") = "SOS.EventHubReceiver", "Components\SOS.EventHubReceiver\SOS.EventHubReceiver.csproj", "{56C1624E-7E2C-4985-A51B-D668DCD0FF9C}"
EndProject
Project("{FAE04EC0-301F-11D3-BF4B-00C04F79EFBC}") = "SOS.ThreadedWorkerRole", "Components\SOS.ThreadedWorkerRole\SOS.ThreadedWorkerRole.csproj", "{5D10EF61-5ADD-4E30-B878-B8B4E75F0886}"
EndProject
Project("{00D1A9C2-B5F0-4AF3-8072-F6C62B433612}") = "SOS.GuardianDatabase", "Database\SOS.GuardianDatabase\SOS.GuardianDatabase.sqlproj", "{C72B6C27-3A59-4247-B624-7970A0294187}"
EndProject
Project("{FAE04EC0-301F-11D3-BF4B-00C04F79EFBC}") = "SOS.Mappers", "Components\SOS.Mappers\SOS.Mappers.csproj", "{2D7E6824-231C-415C-B375-11CB48184B2F}"
EndProject
Project("{FAE04EC0-301F-11D3-BF4B-00C04F79EFBC}") = "SOS.OPsTools", "Tools\OPsTools\SOS.OPsTools.csproj", "{3A88AABC-20A9-4CBD-B5B2-48D5A1E98108}"
EndProject
Global
	GlobalSection(SolutionConfigurationPlatforms) = preSolution
		Debug|Any CPU = Debug|Any CPU
		Debug|ARM = Debug|ARM
		Debug|x86 = Debug|x86
		Release|Any CPU = Release|Any CPU
		Release|ARM = Release|ARM
		Release|x86 = Release|x86
	EndGlobalSection
	GlobalSection(ProjectConfigurationPlatforms) = postSolution
		{BD3DF15C-FCB7-4AC6-9FE2-F3EC43598BF2}.Debug|Any CPU.ActiveCfg = Debug|Any CPU
		{BD3DF15C-FCB7-4AC6-9FE2-F3EC43598BF2}.Debug|Any CPU.Build.0 = Debug|Any CPU
		{BD3DF15C-FCB7-4AC6-9FE2-F3EC43598BF2}.Debug|ARM.ActiveCfg = Debug|Any CPU
		{BD3DF15C-FCB7-4AC6-9FE2-F3EC43598BF2}.Debug|x86.ActiveCfg = Debug|Any CPU
		{BD3DF15C-FCB7-4AC6-9FE2-F3EC43598BF2}.Release|Any CPU.ActiveCfg = Release|Any CPU
		{BD3DF15C-FCB7-4AC6-9FE2-F3EC43598BF2}.Release|Any CPU.Build.0 = Release|Any CPU
		{BD3DF15C-FCB7-4AC6-9FE2-F3EC43598BF2}.Release|ARM.ActiveCfg = Release|Any CPU
		{BD3DF15C-FCB7-4AC6-9FE2-F3EC43598BF2}.Release|x86.ActiveCfg = Release|Any CPU
		{CF561FF9-0246-4223-8BA9-FCC69178EF80}.Debug|Any CPU.ActiveCfg = Debug|Any CPU
		{CF561FF9-0246-4223-8BA9-FCC69178EF80}.Debug|Any CPU.Build.0 = Debug|Any CPU
		{CF561FF9-0246-4223-8BA9-FCC69178EF80}.Debug|ARM.ActiveCfg = Debug|Any CPU
		{CF561FF9-0246-4223-8BA9-FCC69178EF80}.Debug|x86.ActiveCfg = Debug|Any CPU
		{CF561FF9-0246-4223-8BA9-FCC69178EF80}.Release|Any CPU.ActiveCfg = Release|Any CPU
		{CF561FF9-0246-4223-8BA9-FCC69178EF80}.Release|Any CPU.Build.0 = Release|Any CPU
		{CF561FF9-0246-4223-8BA9-FCC69178EF80}.Release|ARM.ActiveCfg = Release|Any CPU
		{CF561FF9-0246-4223-8BA9-FCC69178EF80}.Release|x86.ActiveCfg = Release|Any CPU
		{C6F8CC4B-6DFA-42D6-BC0D-33BAFA8F04A9}.Debug|Any CPU.ActiveCfg = Debug|Any CPU
		{C6F8CC4B-6DFA-42D6-BC0D-33BAFA8F04A9}.Debug|Any CPU.Build.0 = Debug|Any CPU
		{C6F8CC4B-6DFA-42D6-BC0D-33BAFA8F04A9}.Debug|ARM.ActiveCfg = Debug|Any CPU
		{C6F8CC4B-6DFA-42D6-BC0D-33BAFA8F04A9}.Debug|x86.ActiveCfg = Debug|Any CPU
		{C6F8CC4B-6DFA-42D6-BC0D-33BAFA8F04A9}.Release|Any CPU.ActiveCfg = Release|Any CPU
		{C6F8CC4B-6DFA-42D6-BC0D-33BAFA8F04A9}.Release|Any CPU.Build.0 = Release|Any CPU
		{C6F8CC4B-6DFA-42D6-BC0D-33BAFA8F04A9}.Release|ARM.ActiveCfg = Release|Any CPU
		{C6F8CC4B-6DFA-42D6-BC0D-33BAFA8F04A9}.Release|x86.ActiveCfg = Release|Any CPU
		{6B0D9B6C-DF95-46AC-A4CB-E4C3CD604130}.Debug|Any CPU.ActiveCfg = Debug|Any CPU
		{6B0D9B6C-DF95-46AC-A4CB-E4C3CD604130}.Debug|Any CPU.Build.0 = Debug|Any CPU
		{6B0D9B6C-DF95-46AC-A4CB-E4C3CD604130}.Debug|ARM.ActiveCfg = Debug|Any CPU
		{6B0D9B6C-DF95-46AC-A4CB-E4C3CD604130}.Debug|x86.ActiveCfg = Debug|Any CPU
		{6B0D9B6C-DF95-46AC-A4CB-E4C3CD604130}.Release|Any CPU.ActiveCfg = Release|Any CPU
		{6B0D9B6C-DF95-46AC-A4CB-E4C3CD604130}.Release|Any CPU.Build.0 = Release|Any CPU
		{6B0D9B6C-DF95-46AC-A4CB-E4C3CD604130}.Release|ARM.ActiveCfg = Release|Any CPU
		{6B0D9B6C-DF95-46AC-A4CB-E4C3CD604130}.Release|x86.ActiveCfg = Release|Any CPU
		{3328D195-C48D-40FF-BCDB-195AB921F205}.Debug|Any CPU.ActiveCfg = Debug|Any CPU
		{3328D195-C48D-40FF-BCDB-195AB921F205}.Debug|Any CPU.Build.0 = Debug|Any CPU
		{3328D195-C48D-40FF-BCDB-195AB921F205}.Debug|ARM.ActiveCfg = Debug|Any CPU
		{3328D195-C48D-40FF-BCDB-195AB921F205}.Debug|x86.ActiveCfg = Debug|Any CPU
		{3328D195-C48D-40FF-BCDB-195AB921F205}.Release|Any CPU.ActiveCfg = Release|Any CPU
		{3328D195-C48D-40FF-BCDB-195AB921F205}.Release|Any CPU.Build.0 = Release|Any CPU
		{3328D195-C48D-40FF-BCDB-195AB921F205}.Release|ARM.ActiveCfg = Release|Any CPU
		{3328D195-C48D-40FF-BCDB-195AB921F205}.Release|x86.ActiveCfg = Release|Any CPU
		{9B5BB408-6720-4430-A45F-B4384CFBC95E}.Debug|Any CPU.ActiveCfg = Debug|Any CPU
		{9B5BB408-6720-4430-A45F-B4384CFBC95E}.Debug|Any CPU.Build.0 = Debug|Any CPU
		{9B5BB408-6720-4430-A45F-B4384CFBC95E}.Debug|ARM.ActiveCfg = Debug|Any CPU
		{9B5BB408-6720-4430-A45F-B4384CFBC95E}.Debug|x86.ActiveCfg = Debug|Any CPU
		{9B5BB408-6720-4430-A45F-B4384CFBC95E}.Release|Any CPU.ActiveCfg = Release|Any CPU
		{9B5BB408-6720-4430-A45F-B4384CFBC95E}.Release|Any CPU.Build.0 = Release|Any CPU
		{9B5BB408-6720-4430-A45F-B4384CFBC95E}.Release|ARM.ActiveCfg = Release|Any CPU
		{9B5BB408-6720-4430-A45F-B4384CFBC95E}.Release|x86.ActiveCfg = Release|Any CPU
		{0C6CF446-8311-4449-B84E-5436836BA0C8}.Debug|Any CPU.ActiveCfg = Debug|Any CPU
		{0C6CF446-8311-4449-B84E-5436836BA0C8}.Debug|Any CPU.Build.0 = Debug|Any CPU
		{0C6CF446-8311-4449-B84E-5436836BA0C8}.Debug|ARM.ActiveCfg = Debug|Any CPU
		{0C6CF446-8311-4449-B84E-5436836BA0C8}.Debug|x86.ActiveCfg = Debug|Any CPU
		{0C6CF446-8311-4449-B84E-5436836BA0C8}.Release|Any CPU.ActiveCfg = Release|Any CPU
		{0C6CF446-8311-4449-B84E-5436836BA0C8}.Release|Any CPU.Build.0 = Release|Any CPU
		{0C6CF446-8311-4449-B84E-5436836BA0C8}.Release|ARM.ActiveCfg = Release|Any CPU
		{0C6CF446-8311-4449-B84E-5436836BA0C8}.Release|x86.ActiveCfg = Release|Any CPU
		{CE8D1AF2-5F9E-4B43-BD01-AB1240EC7105}.Debug|Any CPU.ActiveCfg = Debug|Any CPU
		{CE8D1AF2-5F9E-4B43-BD01-AB1240EC7105}.Debug|Any CPU.Build.0 = Debug|Any CPU
		{CE8D1AF2-5F9E-4B43-BD01-AB1240EC7105}.Debug|ARM.ActiveCfg = Debug|Any CPU
		{CE8D1AF2-5F9E-4B43-BD01-AB1240EC7105}.Debug|x86.ActiveCfg = Debug|Any CPU
		{CE8D1AF2-5F9E-4B43-BD01-AB1240EC7105}.Release|Any CPU.ActiveCfg = Release|Any CPU
		{CE8D1AF2-5F9E-4B43-BD01-AB1240EC7105}.Release|Any CPU.Build.0 = Release|Any CPU
		{CE8D1AF2-5F9E-4B43-BD01-AB1240EC7105}.Release|ARM.ActiveCfg = Release|Any CPU
		{CE8D1AF2-5F9E-4B43-BD01-AB1240EC7105}.Release|x86.ActiveCfg = Release|Any CPU
		{2C0136A5-87E5-4E12-B60B-635B5A8CAEAD}.Debug|Any CPU.ActiveCfg = Debug|Any CPU
		{2C0136A5-87E5-4E12-B60B-635B5A8CAEAD}.Debug|Any CPU.Build.0 = Debug|Any CPU
		{2C0136A5-87E5-4E12-B60B-635B5A8CAEAD}.Debug|ARM.ActiveCfg = Debug|Any CPU
		{2C0136A5-87E5-4E12-B60B-635B5A8CAEAD}.Debug|x86.ActiveCfg = Debug|Any CPU
		{2C0136A5-87E5-4E12-B60B-635B5A8CAEAD}.Release|Any CPU.ActiveCfg = Release|Any CPU
		{2C0136A5-87E5-4E12-B60B-635B5A8CAEAD}.Release|Any CPU.Build.0 = Release|Any CPU
		{2C0136A5-87E5-4E12-B60B-635B5A8CAEAD}.Release|ARM.ActiveCfg = Release|Any CPU
		{2C0136A5-87E5-4E12-B60B-635B5A8CAEAD}.Release|x86.ActiveCfg = Release|Any CPU
		{5EA5AAD9-E39C-4EAF-83F8-D34B91D5DE36}.Debug|Any CPU.ActiveCfg = Debug|Any CPU
		{5EA5AAD9-E39C-4EAF-83F8-D34B91D5DE36}.Debug|Any CPU.Build.0 = Debug|Any CPU
		{5EA5AAD9-E39C-4EAF-83F8-D34B91D5DE36}.Debug|ARM.ActiveCfg = Debug|Any CPU
		{5EA5AAD9-E39C-4EAF-83F8-D34B91D5DE36}.Debug|x86.ActiveCfg = Debug|Any CPU
		{5EA5AAD9-E39C-4EAF-83F8-D34B91D5DE36}.Release|Any CPU.ActiveCfg = Release|Any CPU
		{5EA5AAD9-E39C-4EAF-83F8-D34B91D5DE36}.Release|Any CPU.Build.0 = Release|Any CPU
		{5EA5AAD9-E39C-4EAF-83F8-D34B91D5DE36}.Release|ARM.ActiveCfg = Release|Any CPU
		{5EA5AAD9-E39C-4EAF-83F8-D34B91D5DE36}.Release|x86.ActiveCfg = Release|Any CPU
		{90CBC4B1-C146-40EB-878A-291E4BBD7533}.Debug|Any CPU.ActiveCfg = Debug|Any CPU
		{90CBC4B1-C146-40EB-878A-291E4BBD7533}.Debug|Any CPU.Build.0 = Debug|Any CPU
		{90CBC4B1-C146-40EB-878A-291E4BBD7533}.Debug|ARM.ActiveCfg = Debug|Any CPU
		{90CBC4B1-C146-40EB-878A-291E4BBD7533}.Debug|x86.ActiveCfg = Debug|Any CPU
		{90CBC4B1-C146-40EB-878A-291E4BBD7533}.Release|Any CPU.ActiveCfg = Release|Any CPU
		{90CBC4B1-C146-40EB-878A-291E4BBD7533}.Release|Any CPU.Build.0 = Release|Any CPU
		{90CBC4B1-C146-40EB-878A-291E4BBD7533}.Release|ARM.ActiveCfg = Release|Any CPU
		{90CBC4B1-C146-40EB-878A-291E4BBD7533}.Release|x86.ActiveCfg = Release|Any CPU
		{E9E42BBB-726B-47A5-B259-93956FE74F62}.Debug|Any CPU.ActiveCfg = Debug|Any CPU
		{E9E42BBB-726B-47A5-B259-93956FE74F62}.Debug|Any CPU.Build.0 = Debug|Any CPU
		{E9E42BBB-726B-47A5-B259-93956FE74F62}.Debug|ARM.ActiveCfg = Debug|Any CPU
		{E9E42BBB-726B-47A5-B259-93956FE74F62}.Debug|x86.ActiveCfg = Debug|Any CPU
		{E9E42BBB-726B-47A5-B259-93956FE74F62}.Release|Any CPU.ActiveCfg = Release|Any CPU
		{E9E42BBB-726B-47A5-B259-93956FE74F62}.Release|Any CPU.Build.0 = Release|Any CPU
		{E9E42BBB-726B-47A5-B259-93956FE74F62}.Release|ARM.ActiveCfg = Release|Any CPU
		{E9E42BBB-726B-47A5-B259-93956FE74F62}.Release|x86.ActiveCfg = Release|Any CPU
		{A5C0BEAA-F3FE-4FC9-A48D-993587440C49}.Debug|Any CPU.ActiveCfg = Debug|Any CPU
		{A5C0BEAA-F3FE-4FC9-A48D-993587440C49}.Debug|Any CPU.Build.0 = Debug|Any CPU
		{A5C0BEAA-F3FE-4FC9-A48D-993587440C49}.Debug|ARM.ActiveCfg = Debug|Any CPU
		{A5C0BEAA-F3FE-4FC9-A48D-993587440C49}.Debug|x86.ActiveCfg = Debug|Any CPU
		{A5C0BEAA-F3FE-4FC9-A48D-993587440C49}.Release|Any CPU.ActiveCfg = Release|Any CPU
		{A5C0BEAA-F3FE-4FC9-A48D-993587440C49}.Release|ARM.ActiveCfg = Release|Any CPU
		{A5C0BEAA-F3FE-4FC9-A48D-993587440C49}.Release|x86.ActiveCfg = Release|Any CPU
		{6DBAB4C9-DBAF-4A64-86FB-7EF15698AC0C}.Debug|Any CPU.ActiveCfg = Debug|Any CPU
		{6DBAB4C9-DBAF-4A64-86FB-7EF15698AC0C}.Debug|Any CPU.Build.0 = Debug|Any CPU
		{6DBAB4C9-DBAF-4A64-86FB-7EF15698AC0C}.Debug|ARM.ActiveCfg = Debug|Any CPU
		{6DBAB4C9-DBAF-4A64-86FB-7EF15698AC0C}.Debug|x86.ActiveCfg = Debug|Any CPU
		{6DBAB4C9-DBAF-4A64-86FB-7EF15698AC0C}.Release|Any CPU.ActiveCfg = Release|Any CPU
		{6DBAB4C9-DBAF-4A64-86FB-7EF15698AC0C}.Release|Any CPU.Build.0 = Release|Any CPU
		{6DBAB4C9-DBAF-4A64-86FB-7EF15698AC0C}.Release|ARM.ActiveCfg = Release|Any CPU
		{6DBAB4C9-DBAF-4A64-86FB-7EF15698AC0C}.Release|x86.ActiveCfg = Release|Any CPU
		{0D468A7F-1F41-43FB-951F-8095CCD0675A}.Debug|Any CPU.ActiveCfg = Debug|Any CPU
		{0D468A7F-1F41-43FB-951F-8095CCD0675A}.Debug|Any CPU.Build.0 = Debug|Any CPU
		{0D468A7F-1F41-43FB-951F-8095CCD0675A}.Debug|ARM.ActiveCfg = Debug|Any CPU
		{0D468A7F-1F41-43FB-951F-8095CCD0675A}.Debug|x86.ActiveCfg = Debug|Any CPU
		{0D468A7F-1F41-43FB-951F-8095CCD0675A}.Release|Any CPU.ActiveCfg = Release|Any CPU
		{0D468A7F-1F41-43FB-951F-8095CCD0675A}.Release|Any CPU.Build.0 = Release|Any CPU
		{0D468A7F-1F41-43FB-951F-8095CCD0675A}.Release|ARM.ActiveCfg = Release|Any CPU
		{0D468A7F-1F41-43FB-951F-8095CCD0675A}.Release|x86.ActiveCfg = Release|Any CPU
		{7F31262D-7B6F-4E9C-BD58-CB3BCE47C4B3}.Debug|Any CPU.ActiveCfg = Debug|Any CPU
		{7F31262D-7B6F-4E9C-BD58-CB3BCE47C4B3}.Debug|Any CPU.Build.0 = Debug|Any CPU
		{7F31262D-7B6F-4E9C-BD58-CB3BCE47C4B3}.Debug|Any CPU.Deploy.0 = Debug|Any CPU
		{7F31262D-7B6F-4E9C-BD58-CB3BCE47C4B3}.Debug|ARM.ActiveCfg = Debug|ARM
		{7F31262D-7B6F-4E9C-BD58-CB3BCE47C4B3}.Debug|ARM.Build.0 = Debug|ARM
		{7F31262D-7B6F-4E9C-BD58-CB3BCE47C4B3}.Debug|ARM.Deploy.0 = Debug|ARM
		{7F31262D-7B6F-4E9C-BD58-CB3BCE47C4B3}.Debug|x86.ActiveCfg = Debug|x86
		{7F31262D-7B6F-4E9C-BD58-CB3BCE47C4B3}.Debug|x86.Build.0 = Debug|x86
		{7F31262D-7B6F-4E9C-BD58-CB3BCE47C4B3}.Debug|x86.Deploy.0 = Debug|x86
		{7F31262D-7B6F-4E9C-BD58-CB3BCE47C4B3}.Release|Any CPU.ActiveCfg = Release|Any CPU
		{7F31262D-7B6F-4E9C-BD58-CB3BCE47C4B3}.Release|Any CPU.Build.0 = Release|Any CPU
		{7F31262D-7B6F-4E9C-BD58-CB3BCE47C4B3}.Release|Any CPU.Deploy.0 = Release|Any CPU
		{7F31262D-7B6F-4E9C-BD58-CB3BCE47C4B3}.Release|ARM.ActiveCfg = Release|ARM
		{7F31262D-7B6F-4E9C-BD58-CB3BCE47C4B3}.Release|ARM.Build.0 = Release|ARM
		{7F31262D-7B6F-4E9C-BD58-CB3BCE47C4B3}.Release|ARM.Deploy.0 = Release|ARM
		{7F31262D-7B6F-4E9C-BD58-CB3BCE47C4B3}.Release|x86.ActiveCfg = Release|x86
		{7F31262D-7B6F-4E9C-BD58-CB3BCE47C4B3}.Release|x86.Build.0 = Release|x86
		{7F31262D-7B6F-4E9C-BD58-CB3BCE47C4B3}.Release|x86.Deploy.0 = Release|x86
		{4A611583-052C-4199-94CA-11D34B3714B7}.Debug|Any CPU.ActiveCfg = Debug|Any CPU
		{4A611583-052C-4199-94CA-11D34B3714B7}.Debug|Any CPU.Build.0 = Debug|Any CPU
		{4A611583-052C-4199-94CA-11D34B3714B7}.Debug|ARM.ActiveCfg = Debug|Any CPU
		{4A611583-052C-4199-94CA-11D34B3714B7}.Debug|x86.ActiveCfg = Debug|Any CPU
		{4A611583-052C-4199-94CA-11D34B3714B7}.Release|Any CPU.ActiveCfg = Release|Any CPU
		{4A611583-052C-4199-94CA-11D34B3714B7}.Release|Any CPU.Build.0 = Release|Any CPU
		{4A611583-052C-4199-94CA-11D34B3714B7}.Release|ARM.ActiveCfg = Release|Any CPU
		{4A611583-052C-4199-94CA-11D34B3714B7}.Release|x86.ActiveCfg = Release|Any CPU
		{F9E5C8CF-ED44-4258-81DF-05BFA6231D5A}.Debug|Any CPU.ActiveCfg = Debug|Any CPU
		{F9E5C8CF-ED44-4258-81DF-05BFA6231D5A}.Debug|Any CPU.Build.0 = Debug|Any CPU
		{F9E5C8CF-ED44-4258-81DF-05BFA6231D5A}.Debug|ARM.ActiveCfg = Debug|Any CPU
		{F9E5C8CF-ED44-4258-81DF-05BFA6231D5A}.Debug|x86.ActiveCfg = Debug|Any CPU
		{F9E5C8CF-ED44-4258-81DF-05BFA6231D5A}.Release|Any CPU.ActiveCfg = Release|Any CPU
		{F9E5C8CF-ED44-4258-81DF-05BFA6231D5A}.Release|Any CPU.Build.0 = Release|Any CPU
		{F9E5C8CF-ED44-4258-81DF-05BFA6231D5A}.Release|ARM.ActiveCfg = Release|Any CPU
		{F9E5C8CF-ED44-4258-81DF-05BFA6231D5A}.Release|x86.ActiveCfg = Release|Any CPU
		{91DA0955-DCF5-476B-AF6A-050E3CA1C998}.Debug|Any CPU.ActiveCfg = Debug|Any CPU
		{91DA0955-DCF5-476B-AF6A-050E3CA1C998}.Debug|Any CPU.Build.0 = Debug|Any CPU
		{91DA0955-DCF5-476B-AF6A-050E3CA1C998}.Debug|ARM.ActiveCfg = Debug|Any CPU
		{91DA0955-DCF5-476B-AF6A-050E3CA1C998}.Debug|x86.ActiveCfg = Debug|Any CPU
		{91DA0955-DCF5-476B-AF6A-050E3CA1C998}.Release|Any CPU.ActiveCfg = Release|Any CPU
		{91DA0955-DCF5-476B-AF6A-050E3CA1C998}.Release|Any CPU.Build.0 = Release|Any CPU
		{91DA0955-DCF5-476B-AF6A-050E3CA1C998}.Release|ARM.ActiveCfg = Release|Any CPU
		{91DA0955-DCF5-476B-AF6A-050E3CA1C998}.Release|x86.ActiveCfg = Release|Any CPU
		{E91699D0-8064-46F6-A368-16D3B0449F00}.Debug|Any CPU.ActiveCfg = Debug|Any CPU
		{E91699D0-8064-46F6-A368-16D3B0449F00}.Debug|Any CPU.Build.0 = Debug|Any CPU
		{E91699D0-8064-46F6-A368-16D3B0449F00}.Debug|ARM.ActiveCfg = Debug|Any CPU
		{E91699D0-8064-46F6-A368-16D3B0449F00}.Debug|x86.ActiveCfg = Debug|Any CPU
		{E91699D0-8064-46F6-A368-16D3B0449F00}.Release|Any CPU.ActiveCfg = Release|Any CPU
		{E91699D0-8064-46F6-A368-16D3B0449F00}.Release|Any CPU.Build.0 = Release|Any CPU
		{E91699D0-8064-46F6-A368-16D3B0449F00}.Release|ARM.ActiveCfg = Release|Any CPU
		{E91699D0-8064-46F6-A368-16D3B0449F00}.Release|x86.ActiveCfg = Release|Any CPU
		{9935795F-AD2A-4205-874A-012515E4A2FF}.Debug|Any CPU.ActiveCfg = Debug|Any CPU
		{9935795F-AD2A-4205-874A-012515E4A2FF}.Debug|Any CPU.Build.0 = Debug|Any CPU
		{9935795F-AD2A-4205-874A-012515E4A2FF}.Debug|ARM.ActiveCfg = Debug|Any CPU
		{9935795F-AD2A-4205-874A-012515E4A2FF}.Debug|x86.ActiveCfg = Debug|Any CPU
		{9935795F-AD2A-4205-874A-012515E4A2FF}.Release|Any CPU.ActiveCfg = Release|Any CPU
		{9935795F-AD2A-4205-874A-012515E4A2FF}.Release|Any CPU.Build.0 = Release|Any CPU
		{9935795F-AD2A-4205-874A-012515E4A2FF}.Release|ARM.ActiveCfg = Release|Any CPU
		{9935795F-AD2A-4205-874A-012515E4A2FF}.Release|x86.ActiveCfg = Release|Any CPU
		{0C6DB990-9E15-4A4F-8818-CBBF36C90978}.Debug|Any CPU.ActiveCfg = Debug|Any CPU
		{0C6DB990-9E15-4A4F-8818-CBBF36C90978}.Debug|Any CPU.Build.0 = Debug|Any CPU
		{0C6DB990-9E15-4A4F-8818-CBBF36C90978}.Debug|ARM.ActiveCfg = Debug|Any CPU
		{0C6DB990-9E15-4A4F-8818-CBBF36C90978}.Debug|x86.ActiveCfg = Debug|Any CPU
		{0C6DB990-9E15-4A4F-8818-CBBF36C90978}.Release|Any CPU.ActiveCfg = Release|Any CPU
		{0C6DB990-9E15-4A4F-8818-CBBF36C90978}.Release|Any CPU.Build.0 = Release|Any CPU
		{0C6DB990-9E15-4A4F-8818-CBBF36C90978}.Release|ARM.ActiveCfg = Release|Any CPU
		{0C6DB990-9E15-4A4F-8818-CBBF36C90978}.Release|x86.ActiveCfg = Release|Any CPU
		{56C1624E-7E2C-4985-A51B-D668DCD0FF9C}.Debug|Any CPU.ActiveCfg = Debug|Any CPU
		{56C1624E-7E2C-4985-A51B-D668DCD0FF9C}.Debug|Any CPU.Build.0 = Debug|Any CPU
		{56C1624E-7E2C-4985-A51B-D668DCD0FF9C}.Debug|ARM.ActiveCfg = Debug|Any CPU
		{56C1624E-7E2C-4985-A51B-D668DCD0FF9C}.Debug|x86.ActiveCfg = Debug|Any CPU
		{56C1624E-7E2C-4985-A51B-D668DCD0FF9C}.Release|Any CPU.ActiveCfg = Release|Any CPU
		{56C1624E-7E2C-4985-A51B-D668DCD0FF9C}.Release|Any CPU.Build.0 = Release|Any CPU
		{56C1624E-7E2C-4985-A51B-D668DCD0FF9C}.Release|ARM.ActiveCfg = Release|Any CPU
		{56C1624E-7E2C-4985-A51B-D668DCD0FF9C}.Release|x86.ActiveCfg = Release|Any CPU
		{5D10EF61-5ADD-4E30-B878-B8B4E75F0886}.Debug|Any CPU.ActiveCfg = Debug|Any CPU
		{5D10EF61-5ADD-4E30-B878-B8B4E75F0886}.Debug|Any CPU.Build.0 = Debug|Any CPU
		{5D10EF61-5ADD-4E30-B878-B8B4E75F0886}.Debug|ARM.ActiveCfg = Debug|Any CPU
		{5D10EF61-5ADD-4E30-B878-B8B4E75F0886}.Debug|x86.ActiveCfg = Debug|Any CPU
		{5D10EF61-5ADD-4E30-B878-B8B4E75F0886}.Release|Any CPU.ActiveCfg = Release|Any CPU
		{5D10EF61-5ADD-4E30-B878-B8B4E75F0886}.Release|Any CPU.Build.0 = Release|Any CPU
		{5D10EF61-5ADD-4E30-B878-B8B4E75F0886}.Release|ARM.ActiveCfg = Release|Any CPU
		{5D10EF61-5ADD-4E30-B878-B8B4E75F0886}.Release|x86.ActiveCfg = Release|Any CPU
		{C72B6C27-3A59-4247-B624-7970A0294187}.Debug|Any CPU.ActiveCfg = Debug|Any CPU
		{C72B6C27-3A59-4247-B624-7970A0294187}.Debug|Any CPU.Build.0 = Debug|Any CPU
		{C72B6C27-3A59-4247-B624-7970A0294187}.Debug|Any CPU.Deploy.0 = Debug|Any CPU
		{C72B6C27-3A59-4247-B624-7970A0294187}.Debug|ARM.ActiveCfg = Debug|Any CPU
		{C72B6C27-3A59-4247-B624-7970A0294187}.Debug|x86.ActiveCfg = Debug|Any CPU
		{C72B6C27-3A59-4247-B624-7970A0294187}.Release|Any CPU.ActiveCfg = Release|Any CPU
		{C72B6C27-3A59-4247-B624-7970A0294187}.Release|Any CPU.Build.0 = Release|Any CPU
		{C72B6C27-3A59-4247-B624-7970A0294187}.Release|Any CPU.Deploy.0 = Release|Any CPU
		{C72B6C27-3A59-4247-B624-7970A0294187}.Release|ARM.ActiveCfg = Release|Any CPU
		{C72B6C27-3A59-4247-B624-7970A0294187}.Release|x86.ActiveCfg = Release|Any CPU
		{2D7E6824-231C-415C-B375-11CB48184B2F}.Debug|Any CPU.ActiveCfg = Debug|Any CPU
		{2D7E6824-231C-415C-B375-11CB48184B2F}.Debug|Any CPU.Build.0 = Debug|Any CPU
		{2D7E6824-231C-415C-B375-11CB48184B2F}.Debug|ARM.ActiveCfg = Debug|Any CPU
		{2D7E6824-231C-415C-B375-11CB48184B2F}.Debug|x86.ActiveCfg = Debug|Any CPU
		{2D7E6824-231C-415C-B375-11CB48184B2F}.Release|Any CPU.ActiveCfg = Release|Any CPU
		{2D7E6824-231C-415C-B375-11CB48184B2F}.Release|Any CPU.Build.0 = Release|Any CPU
		{2D7E6824-231C-415C-B375-11CB48184B2F}.Release|ARM.ActiveCfg = Release|Any CPU
		{2D7E6824-231C-415C-B375-11CB48184B2F}.Release|x86.ActiveCfg = Release|Any CPU
		{3A88AABC-20A9-4CBD-B5B2-48D5A1E98108}.Debug|Any CPU.ActiveCfg = Debug|Any CPU
		{3A88AABC-20A9-4CBD-B5B2-48D5A1E98108}.Debug|Any CPU.Build.0 = Debug|Any CPU
		{3A88AABC-20A9-4CBD-B5B2-48D5A1E98108}.Debug|ARM.ActiveCfg = Debug|Any CPU
		{3A88AABC-20A9-4CBD-B5B2-48D5A1E98108}.Debug|x86.ActiveCfg = Debug|Any CPU
		{3A88AABC-20A9-4CBD-B5B2-48D5A1E98108}.Release|Any CPU.ActiveCfg = Release|Any CPU
		{3A88AABC-20A9-4CBD-B5B2-48D5A1E98108}.Release|Any CPU.Build.0 = Release|Any CPU
		{3A88AABC-20A9-4CBD-B5B2-48D5A1E98108}.Release|ARM.ActiveCfg = Release|Any CPU
		{3A88AABC-20A9-4CBD-B5B2-48D5A1E98108}.Release|x86.ActiveCfg = Release|Any CPU
	EndGlobalSection
	GlobalSection(SolutionProperties) = preSolution
		HideSolutionNode = FALSE
	EndGlobalSection
	GlobalSection(NestedProjects) = preSolution
		{BD3DF15C-FCB7-4AC6-9FE2-F3EC43598BF2} = {78A20E8F-2CAB-452A-9102-8537B8E44E7A}
		{CF561FF9-0246-4223-8BA9-FCC69178EF80} = {510B85EE-A5EA-4C17-962B-A261F9582654}
		{6B0D9B6C-DF95-46AC-A4CB-E4C3CD604130} = {510B85EE-A5EA-4C17-962B-A261F9582654}
		{3328D195-C48D-40FF-BCDB-195AB921F205} = {78A20E8F-2CAB-452A-9102-8537B8E44E7A}
		{9B5BB408-6720-4430-A45F-B4384CFBC95E} = {78A20E8F-2CAB-452A-9102-8537B8E44E7A}
		{0C6CF446-8311-4449-B84E-5436836BA0C8} = {CBCC80FA-4735-45A5-A6B9-5B690D4A4878}
		{CE8D1AF2-5F9E-4B43-BD01-AB1240EC7105} = {510B85EE-A5EA-4C17-962B-A261F9582654}
		{2C0136A5-87E5-4E12-B60B-635B5A8CAEAD} = {510B85EE-A5EA-4C17-962B-A261F9582654}
		{5EA5AAD9-E39C-4EAF-83F8-D34B91D5DE36} = {28C21C74-C77E-4018-934D-EE2F01AE7F93}
		{90CBC4B1-C146-40EB-878A-291E4BBD7533} = {510B85EE-A5EA-4C17-962B-A261F9582654}
		{E9E42BBB-726B-47A5-B259-93956FE74F62} = {28C21C74-C77E-4018-934D-EE2F01AE7F93}
		{6DBAB4C9-DBAF-4A64-86FB-7EF15698AC0C} = {510B85EE-A5EA-4C17-962B-A261F9582654}
		{0D468A7F-1F41-43FB-951F-8095CCD0675A} = {CBCC80FA-4735-45A5-A6B9-5B690D4A4878}
		{4A611583-052C-4199-94CA-11D34B3714B7} = {28C21C74-C77E-4018-934D-EE2F01AE7F93}
		{F9E5C8CF-ED44-4258-81DF-05BFA6231D5A} = {CBCC80FA-4735-45A5-A6B9-5B690D4A4878}
		{91DA0955-DCF5-476B-AF6A-050E3CA1C998} = {CBCC80FA-4735-45A5-A6B9-5B690D4A4878}
		{E91699D0-8064-46F6-A368-16D3B0449F00} = {CBCC80FA-4735-45A5-A6B9-5B690D4A4878}
		{9935795F-AD2A-4205-874A-012515E4A2FF} = {E878DB33-5130-44E4-A934-5D70EECCB7EE}
		{0C6DB990-9E15-4A4F-8818-CBBF36C90978} = {CBCC80FA-4735-45A5-A6B9-5B690D4A4878}
		{56C1624E-7E2C-4985-A51B-D668DCD0FF9C} = {CBCC80FA-4735-45A5-A6B9-5B690D4A4878}
		{5D10EF61-5ADD-4E30-B878-B8B4E75F0886} = {CBCC80FA-4735-45A5-A6B9-5B690D4A4878}
		{C72B6C27-3A59-4247-B624-7970A0294187} = {E878DB33-5130-44E4-A934-5D70EECCB7EE}
		{2D7E6824-231C-415C-B375-11CB48184B2F} = {CBCC80FA-4735-45A5-A6B9-5B690D4A4878}
		{3A88AABC-20A9-4CBD-B5B2-48D5A1E98108} = {A922DBEC-C4C6-453A-A108-B95E4B86E4B3}
	EndGlobalSection
	GlobalSection(ExtensibilityGlobals) = postSolution
		EnterpriseLibraryConfigurationToolBinariesPathV6 = packages\EnterpriseLibrary.TransientFaultHandling.6.0.1304.0\lib\portable-net45+win+wp8;packages\EnterpriseLibrary.TransientFaultHandling.Data.6.0.1304.1\lib\NET45
	EndGlobalSection
EndGlobal
